// !$*UTF8*$!
{
	archiveVersion = 1;
	classes = {
	};
	objectVersion = 46;
	objects = {

/* Begin PBXBuildFile section */
		0935ED2CE89F46C4184FA449 /* libPods-APNetwork_Tests.a in Frameworks */ = {isa = PBXBuildFile; fileRef = A31D2575C847AA66B4FA3D16 /* libPods-APNetwork_Tests.a */; };
		6003F58E195388D20070C39A /* Foundation.framework in Frameworks */ = {isa = PBXBuildFile; fileRef = 6003F58D195388D20070C39A /* Foundation.framework */; };
		6003F590195388D20070C39A /* CoreGraphics.framework in Frameworks */ = {isa = PBXBuildFile; fileRef = 6003F58F195388D20070C39A /* CoreGraphics.framework */; };
		6003F592195388D20070C39A /* UIKit.framework in Frameworks */ = {isa = PBXBuildFile; fileRef = 6003F591195388D20070C39A /* UIKit.framework */; };
		6003F598195388D20070C39A /* InfoPlist.strings in Resources */ = {isa = PBXBuildFile; fileRef = 6003F596195388D20070C39A /* InfoPlist.strings */; };
		6003F59A195388D20070C39A /* main.m in Sources */ = {isa = PBXBuildFile; fileRef = 6003F599195388D20070C39A /* main.m */; };
		6003F59E195388D20070C39A /* APAppDelegate.m in Sources */ = {isa = PBXBuildFile; fileRef = 6003F59D195388D20070C39A /* APAppDelegate.m */; };
		6003F5A7195388D20070C39A /* APViewController.m in Sources */ = {isa = PBXBuildFile; fileRef = 6003F5A6195388D20070C39A /* APViewController.m */; };
		6003F5A9195388D20070C39A /* Images.xcassets in Resources */ = {isa = PBXBuildFile; fileRef = 6003F5A8195388D20070C39A /* Images.xcassets */; };
		6003F5B0195388D20070C39A /* XCTest.framework in Frameworks */ = {isa = PBXBuildFile; fileRef = 6003F5AF195388D20070C39A /* XCTest.framework */; };
		6003F5B1195388D20070C39A /* Foundation.framework in Frameworks */ = {isa = PBXBuildFile; fileRef = 6003F58D195388D20070C39A /* Foundation.framework */; };
		6003F5B2195388D20070C39A /* UIKit.framework in Frameworks */ = {isa = PBXBuildFile; fileRef = 6003F591195388D20070C39A /* UIKit.framework */; };
		6003F5BA195388D20070C39A /* InfoPlist.strings in Resources */ = {isa = PBXBuildFile; fileRef = 6003F5B8195388D20070C39A /* InfoPlist.strings */; };
		6003F5BC195388D20070C39A /* Tests.m in Sources */ = {isa = PBXBuildFile; fileRef = 6003F5BB195388D20070C39A /* Tests.m */; };
		691073421EB07C53009F3347 /* APNetworkAdapter.m in Sources */ = {isa = PBXBuildFile; fileRef = 691073411EB07C53009F3347 /* APNetworkAdapter.m */; };
		691073461EB07CD0009F3347 /* APResponseSerializer.m in Sources */ = {isa = PBXBuildFile; fileRef = 691073451EB07CD0009F3347 /* APResponseSerializer.m */; };
		691073491EB07CF8009F3347 /* APApiRequest.m in Sources */ = {isa = PBXBuildFile; fileRef = 691073481EB07CF8009F3347 /* APApiRequest.m */; };
		6910734D1EB07E22009F3347 /* APNetworkApi.m in Sources */ = {isa = PBXBuildFile; fileRef = 6910734C1EB07E22009F3347 /* APNetworkApi.m */; };
		691073501EB07E6A009F3347 /* APIndexPageApi.m in Sources */ = {isa = PBXBuildFile; fileRef = 6910734F1EB07E6A009F3347 /* APIndexPageApi.m */; };
		691073531EB08244009F3347 /* APUrlBuilder.m in Sources */ = {isa = PBXBuildFile; fileRef = 691073521EB08244009F3347 /* APUrlBuilder.m */; };
		691073561EB087BD009F3347 /* APURLCommonParams.m in Sources */ = {isa = PBXBuildFile; fileRef = 691073551EB087BD009F3347 /* APURLCommonParams.m */; };
		691073591EB1BF9F009F3347 /* APViewModel.m in Sources */ = {isa = PBXBuildFile; fileRef = 691073581EB1BF9F009F3347 /* APViewModel.m */; };
		6910735D1EB1C66B009F3347 /* APBlackMagic.m in Sources */ = {isa = PBXBuildFile; fileRef = 6910735C1EB1C66B009F3347 /* APBlackMagic.m */; };
		691073611EB1C896009F3347 /* APProgressHUD.m in Sources */ = {isa = PBXBuildFile; fileRef = 691073601EB1C896009F3347 /* APProgressHUD.m */; };
		691073641EB1CAF4009F3347 /* APApiRequest+HUD.m in Sources */ = {isa = PBXBuildFile; fileRef = 691073631EB1CAF4009F3347 /* APApiRequest+HUD.m */; };
		71719F9F1E33DC2100824A3D /* LaunchScreen.storyboard in Resources */ = {isa = PBXBuildFile; fileRef = 71719F9D1E33DC2100824A3D /* LaunchScreen.storyboard */; };
		873B8AEB1B1F5CCA007FD442 /* Main.storyboard in Resources */ = {isa = PBXBuildFile; fileRef = 873B8AEA1B1F5CCA007FD442 /* Main.storyboard */; };
		8C49F4EF1F31832800C13140 /* APURLCacheManager.m in Sources */ = {isa = PBXBuildFile; fileRef = 8C49F4EE1F31832800C13140 /* APURLCacheManager.m */; };
		8C49F4F41F31AC4400C13140 /* NSString+LZAdd.m in Sources */ = {isa = PBXBuildFile; fileRef = 8C49F4F31F31AC4400C13140 /* NSString+LZAdd.m */; };
		E025B349C5BA9B73E5C7F93D /* libPods-APNetwork_Example.a in Frameworks */ = {isa = PBXBuildFile; fileRef = 046D9D43D8C6D78069BA53AA /* libPods-APNetwork_Example.a */; };
/* End PBXBuildFile section */

/* Begin PBXContainerItemProxy section */
		6003F5B3195388D20070C39A /* PBXContainerItemProxy */ = {
			isa = PBXContainerItemProxy;
			containerPortal = 6003F582195388D10070C39A /* Project object */;
			proxyType = 1;
			remoteGlobalIDString = 6003F589195388D20070C39A;
			remoteInfo = APNetwork;
		};
/* End PBXContainerItemProxy section */

/* Begin PBXFileReference section */
		01A7F368B50B3FF33828FC3B /* LICENSE */ = {isa = PBXFileReference; includeInIndex = 1; lastKnownFileType = text; name = LICENSE; path = ../LICENSE; sourceTree = "<group>"; };
		01CB7FD74082A0CB6DC29A11 /* Pods-APNetwork_Tests.release.xcconfig */ = {isa = PBXFileReference; includeInIndex = 1; lastKnownFileType = text.xcconfig; name = "Pods-APNetwork_Tests.release.xcconfig"; path = "Pods/Target Support Files/Pods-APNetwork_Tests/Pods-APNetwork_Tests.release.xcconfig"; sourceTree = "<group>"; };
		046D9D43D8C6D78069BA53AA /* libPods-APNetwork_Example.a */ = {isa = PBXFileReference; explicitFileType = archive.ar; includeInIndex = 0; path = "libPods-APNetwork_Example.a"; sourceTree = BUILT_PRODUCTS_DIR; };
		26FC67A74022167E19F27B61 /* Pods-APNetwork_Example.release.xcconfig */ = {isa = PBXFileReference; includeInIndex = 1; lastKnownFileType = text.xcconfig; name = "Pods-APNetwork_Example.release.xcconfig"; path = "Pods/Target Support Files/Pods-APNetwork_Example/Pods-APNetwork_Example.release.xcconfig"; sourceTree = "<group>"; };
		2DB3C505E4401240375D5FEF /* Pods-APNetwork_Example.debug.xcconfig */ = {isa = PBXFileReference; includeInIndex = 1; lastKnownFileType = text.xcconfig; name = "Pods-APNetwork_Example.debug.xcconfig"; path = "Pods/Target Support Files/Pods-APNetwork_Example/Pods-APNetwork_Example.debug.xcconfig"; sourceTree = "<group>"; };
		420C3420C52670C89A0A85F9 /* Pods-APNetwork_Tests.debug.xcconfig */ = {isa = PBXFileReference; includeInIndex = 1; lastKnownFileType = text.xcconfig; name = "Pods-APNetwork_Tests.debug.xcconfig"; path = "Pods/Target Support Files/Pods-APNetwork_Tests/Pods-APNetwork_Tests.debug.xcconfig"; sourceTree = "<group>"; };
		6003F58A195388D20070C39A /* APNetwork_Example.app */ = {isa = PBXFileReference; explicitFileType = wrapper.application; includeInIndex = 0; path = APNetwork_Example.app; sourceTree = BUILT_PRODUCTS_DIR; };
		6003F58D195388D20070C39A /* Foundation.framework */ = {isa = PBXFileReference; lastKnownFileType = wrapper.framework; name = Foundation.framework; path = System/Library/Frameworks/Foundation.framework; sourceTree = SDKROOT; };
		6003F58F195388D20070C39A /* CoreGraphics.framework */ = {isa = PBXFileReference; lastKnownFileType = wrapper.framework; name = CoreGraphics.framework; path = System/Library/Frameworks/CoreGraphics.framework; sourceTree = SDKROOT; };
		6003F591195388D20070C39A /* UIKit.framework */ = {isa = PBXFileReference; lastKnownFileType = wrapper.framework; name = UIKit.framework; path = System/Library/Frameworks/UIKit.framework; sourceTree = SDKROOT; };
		6003F595195388D20070C39A /* APNetwork-Info.plist */ = {isa = PBXFileReference; lastKnownFileType = text.plist.xml; path = "APNetwork-Info.plist"; sourceTree = "<group>"; };
		6003F597195388D20070C39A /* en */ = {isa = PBXFileReference; lastKnownFileType = text.plist.strings; name = en; path = en.lproj/InfoPlist.strings; sourceTree = "<group>"; };
		6003F599195388D20070C39A /* main.m */ = {isa = PBXFileReference; lastKnownFileType = sourcecode.c.objc; path = main.m; sourceTree = "<group>"; };
		6003F59B195388D20070C39A /* APNetwork-Prefix.pch */ = {isa = PBXFileReference; lastKnownFileType = sourcecode.c.h; path = "APNetwork-Prefix.pch"; sourceTree = "<group>"; };
		6003F59C195388D20070C39A /* APAppDelegate.h */ = {isa = PBXFileReference; lastKnownFileType = sourcecode.c.h; path = APAppDelegate.h; sourceTree = "<group>"; };
		6003F59D195388D20070C39A /* APAppDelegate.m */ = {isa = PBXFileReference; lastKnownFileType = sourcecode.c.objc; path = APAppDelegate.m; sourceTree = "<group>"; };
		6003F5A5195388D20070C39A /* APViewController.h */ = {isa = PBXFileReference; lastKnownFileType = sourcecode.c.h; path = APViewController.h; sourceTree = "<group>"; };
		6003F5A6195388D20070C39A /* APViewController.m */ = {isa = PBXFileReference; lastKnownFileType = sourcecode.c.objc; path = APViewController.m; sourceTree = "<group>"; };
		6003F5A8195388D20070C39A /* Images.xcassets */ = {isa = PBXFileReference; lastKnownFileType = folder.assetcatalog; path = Images.xcassets; sourceTree = "<group>"; };
		6003F5AE195388D20070C39A /* APNetwork_Tests.xctest */ = {isa = PBXFileReference; explicitFileType = wrapper.cfbundle; includeInIndex = 0; path = APNetwork_Tests.xctest; sourceTree = BUILT_PRODUCTS_DIR; };
		6003F5AF195388D20070C39A /* XCTest.framework */ = {isa = PBXFileReference; lastKnownFileType = wrapper.framework; name = XCTest.framework; path = Library/Frameworks/XCTest.framework; sourceTree = DEVELOPER_DIR; };
		6003F5B7195388D20070C39A /* Tests-Info.plist */ = {isa = PBXFileReference; lastKnownFileType = text.plist.xml; path = "Tests-Info.plist"; sourceTree = "<group>"; };
		6003F5B9195388D20070C39A /* en */ = {isa = PBXFileReference; lastKnownFileType = text.plist.strings; name = en; path = en.lproj/InfoPlist.strings; sourceTree = "<group>"; };
		6003F5BB195388D20070C39A /* Tests.m */ = {isa = PBXFileReference; lastKnownFileType = sourcecode.c.objc; path = Tests.m; sourceTree = "<group>"; };
		606FC2411953D9B200FFA9A0 /* Tests-Prefix.pch */ = {isa = PBXFileReference; lastKnownFileType = sourcecode.c.h; path = "Tests-Prefix.pch"; sourceTree = "<group>"; };
		691073401EB07C53009F3347 /* APNetworkAdapter.h */ = {isa = PBXFileReference; fileEncoding = 4; lastKnownFileType = sourcecode.c.h; path = APNetworkAdapter.h; sourceTree = "<group>"; };
		691073411EB07C53009F3347 /* APNetworkAdapter.m */ = {isa = PBXFileReference; fileEncoding = 4; lastKnownFileType = sourcecode.c.objc; path = APNetworkAdapter.m; sourceTree = "<group>"; };
		691073441EB07CD0009F3347 /* APResponseSerializer.h */ = {isa = PBXFileReference; fileEncoding = 4; lastKnownFileType = sourcecode.c.h; path = APResponseSerializer.h; sourceTree = "<group>"; };
		691073451EB07CD0009F3347 /* APResponseSerializer.m */ = {isa = PBXFileReference; fileEncoding = 4; lastKnownFileType = sourcecode.c.objc; path = APResponseSerializer.m; sourceTree = "<group>"; };
		691073471EB07CF8009F3347 /* APApiRequest.h */ = {isa = PBXFileReference; fileEncoding = 4; lastKnownFileType = sourcecode.c.h; path = APApiRequest.h; sourceTree = "<group>"; };
		691073481EB07CF8009F3347 /* APApiRequest.m */ = {isa = PBXFileReference; fileEncoding = 4; lastKnownFileType = sourcecode.c.objc; path = APApiRequest.m; sourceTree = "<group>"; };
		6910734B1EB07E22009F3347 /* APNetworkApi.h */ = {isa = PBXFileReference; fileEncoding = 4; lastKnownFileType = sourcecode.c.h; path = APNetworkApi.h; sourceTree = "<group>"; };
		6910734C1EB07E22009F3347 /* APNetworkApi.m */ = {isa = PBXFileReference; fileEncoding = 4; lastKnownFileType = sourcecode.c.objc; path = APNetworkApi.m; sourceTree = "<group>"; };
		6910734E1EB07E6A009F3347 /* APIndexPageApi.h */ = {isa = PBXFileReference; fileEncoding = 4; lastKnownFileType = sourcecode.c.h; path = APIndexPageApi.h; sourceTree = "<group>"; };
		6910734F1EB07E6A009F3347 /* APIndexPageApi.m */ = {isa = PBXFileReference; fileEncoding = 4; lastKnownFileType = sourcecode.c.objc; path = APIndexPageApi.m; sourceTree = "<group>"; };
		691073511EB08244009F3347 /* APUrlBuilder.h */ = {isa = PBXFileReference; fileEncoding = 4; lastKnownFileType = sourcecode.c.h; path = APUrlBuilder.h; sourceTree = "<group>"; };
		691073521EB08244009F3347 /* APUrlBuilder.m */ = {isa = PBXFileReference; fileEncoding = 4; lastKnownFileType = sourcecode.c.objc; path = APUrlBuilder.m; sourceTree = "<group>"; };
		691073541EB087BD009F3347 /* APURLCommonParams.h */ = {isa = PBXFileReference; fileEncoding = 4; lastKnownFileType = sourcecode.c.h; path = APURLCommonParams.h; sourceTree = "<group>"; };
		691073551EB087BD009F3347 /* APURLCommonParams.m */ = {isa = PBXFileReference; fileEncoding = 4; lastKnownFileType = sourcecode.c.objc; path = APURLCommonParams.m; sourceTree = "<group>"; };
		691073571EB1BF9F009F3347 /* APViewModel.h */ = {isa = PBXFileReference; fileEncoding = 4; lastKnownFileType = sourcecode.c.h; path = APViewModel.h; sourceTree = "<group>"; };
		691073581EB1BF9F009F3347 /* APViewModel.m */ = {isa = PBXFileReference; fileEncoding = 4; lastKnownFileType = sourcecode.c.objc; path = APViewModel.m; sourceTree = "<group>"; };
		6910735B1EB1C66B009F3347 /* APBlackMagic.h */ = {isa = PBXFileReference; fileEncoding = 4; lastKnownFileType = sourcecode.c.h; path = APBlackMagic.h; sourceTree = "<group>"; };
		6910735C1EB1C66B009F3347 /* APBlackMagic.m */ = {isa = PBXFileReference; fileEncoding = 4; lastKnownFileType = sourcecode.c.objc; path = APBlackMagic.m; sourceTree = "<group>"; };
		6910735F1EB1C896009F3347 /* APProgressHUD.h */ = {isa = PBXFileReference; fileEncoding = 4; lastKnownFileType = sourcecode.c.h; path = APProgressHUD.h; sourceTree = "<group>"; };
		691073601EB1C896009F3347 /* APProgressHUD.m */ = {isa = PBXFileReference; fileEncoding = 4; lastKnownFileType = sourcecode.c.objc; path = APProgressHUD.m; sourceTree = "<group>"; };
		691073621EB1CAF4009F3347 /* APApiRequest+HUD.h */ = {isa = PBXFileReference; fileEncoding = 4; lastKnownFileType = sourcecode.c.h; path = "APApiRequest+HUD.h"; sourceTree = "<group>"; };
		691073631EB1CAF4009F3347 /* APApiRequest+HUD.m */ = {isa = PBXFileReference; fileEncoding = 4; lastKnownFileType = sourcecode.c.objc; path = "APApiRequest+HUD.m"; sourceTree = "<group>"; };
		71719F9E1E33DC2100824A3D /* Base */ = {isa = PBXFileReference; lastKnownFileType = file.storyboard; name = Base; path = Base.lproj/LaunchScreen.storyboard; sourceTree = "<group>"; };
		79B5387DF109C7D8F059B707 /* README.md */ = {isa = PBXFileReference; includeInIndex = 1; lastKnownFileType = net.daringfireball.markdown; name = README.md; path = ../README.md; sourceTree = "<group>"; };
		873B8AEA1B1F5CCA007FD442 /* Main.storyboard */ = {isa = PBXFileReference; fileEncoding = 4; lastKnownFileType = file.storyboard; name = Main.storyboard; path = Base.lproj/Main.storyboard; sourceTree = "<group>"; };
		8C49F4ED1F31832800C13140 /* APURLCacheManager.h */ = {isa = PBXFileReference; fileEncoding = 4; lastKnownFileType = sourcecode.c.h; path = APURLCacheManager.h; sourceTree = "<group>"; };
		8C49F4EE1F31832800C13140 /* APURLCacheManager.m */ = {isa = PBXFileReference; fileEncoding = 4; lastKnownFileType = sourcecode.c.objc; path = APURLCacheManager.m; sourceTree = "<group>"; };
		8C49F4F21F31AC4400C13140 /* NSString+LZAdd.h */ = {isa = PBXFileReference; fileEncoding = 4; lastKnownFileType = sourcecode.c.h; path = "NSString+LZAdd.h"; sourceTree = "<group>"; };
		8C49F4F31F31AC4400C13140 /* NSString+LZAdd.m */ = {isa = PBXFileReference; fileEncoding = 4; lastKnownFileType = sourcecode.c.objc; path = "NSString+LZAdd.m"; sourceTree = "<group>"; };
		A31D2575C847AA66B4FA3D16 /* libPods-APNetwork_Tests.a */ = {isa = PBXFileReference; explicitFileType = archive.ar; includeInIndex = 0; path = "libPods-APNetwork_Tests.a"; sourceTree = BUILT_PRODUCTS_DIR; };
		C8329A87FDC0A38C6CC172FC /* APNetwork.podspec */ = {isa = PBXFileReference; includeInIndex = 1; lastKnownFileType = text; name = APNetwork.podspec; path = ../APNetwork.podspec; sourceTree = "<group>"; };
/* End PBXFileReference section */

/* Begin PBXFrameworksBuildPhase section */
		6003F587195388D20070C39A /* Frameworks */ = {
			isa = PBXFrameworksBuildPhase;
			buildActionMask = 2147483647;
			files = (
				6003F590195388D20070C39A /* CoreGraphics.framework in Frameworks */,
				6003F592195388D20070C39A /* UIKit.framework in Frameworks */,
				6003F58E195388D20070C39A /* Foundation.framework in Frameworks */,
				E025B349C5BA9B73E5C7F93D /* libPods-APNetwork_Example.a in Frameworks */,
			);
			runOnlyForDeploymentPostprocessing = 0;
		};
		6003F5AB195388D20070C39A /* Frameworks */ = {
			isa = PBXFrameworksBuildPhase;
			buildActionMask = 2147483647;
			files = (
				6003F5B0195388D20070C39A /* XCTest.framework in Frameworks */,
				6003F5B2195388D20070C39A /* UIKit.framework in Frameworks */,
				6003F5B1195388D20070C39A /* Foundation.framework in Frameworks */,
				0935ED2CE89F46C4184FA449 /* libPods-APNetwork_Tests.a in Frameworks */,
			);
			runOnlyForDeploymentPostprocessing = 0;
		};
/* End PBXFrameworksBuildPhase section */

/* Begin PBXGroup section */
		6003F581195388D10070C39A = {
			isa = PBXGroup;
			children = (
				60FF7A9C1954A5C5007DD14C /* Podspec Metadata */,
				6003F593195388D20070C39A /* Example for APNetwork */,
				6003F5B5195388D20070C39A /* Tests */,
				6003F58C195388D20070C39A /* Frameworks */,
				6003F58B195388D20070C39A /* Products */,
				A806DB62923AC495ADADF87A /* Pods */,
			);
			sourceTree = "<group>";
		};
		6003F58B195388D20070C39A /* Products */ = {
			isa = PBXGroup;
			children = (
				6003F58A195388D20070C39A /* APNetwork_Example.app */,
				6003F5AE195388D20070C39A /* APNetwork_Tests.xctest */,
			);
			name = Products;
			sourceTree = "<group>";
		};
		6003F58C195388D20070C39A /* Frameworks */ = {
			isa = PBXGroup;
			children = (
				6003F58D195388D20070C39A /* Foundation.framework */,
				6003F58F195388D20070C39A /* CoreGraphics.framework */,
				6003F591195388D20070C39A /* UIKit.framework */,
				6003F5AF195388D20070C39A /* XCTest.framework */,
				046D9D43D8C6D78069BA53AA /* libPods-APNetwork_Example.a */,
				A31D2575C847AA66B4FA3D16 /* libPods-APNetwork_Tests.a */,
			);
			name = Frameworks;
			sourceTree = "<group>";
		};
		6003F593195388D20070C39A /* Example for APNetwork */ = {
			isa = PBXGroup;
			children = (
				8C49F4F11F31ABCE00C13140 /* Category */,
				8C49F4EC1F3182D700C13140 /* logic */,
				6910735E1EB1C784009F3347 /* Accessory */,
				6910735A1EB1C62B009F3347 /* BlackMagic */,
				691073431EB07C95009F3347 /* Core */,
				6910733F1EB07C15009F3347 /* Until */,
				6910734A1EB07DEA009F3347 /* Api */,
				6003F59C195388D20070C39A /* APAppDelegate.h */,
				6003F59D195388D20070C39A /* APAppDelegate.m */,
				873B8AEA1B1F5CCA007FD442 /* Main.storyboard */,
				6003F5A5195388D20070C39A /* APViewController.h */,
				6003F5A6195388D20070C39A /* APViewController.m */,
				691073571EB1BF9F009F3347 /* APViewModel.h */,
				691073581EB1BF9F009F3347 /* APViewModel.m */,
				71719F9D1E33DC2100824A3D /* LaunchScreen.storyboard */,
				6003F5A8195388D20070C39A /* Images.xcassets */,
				6003F594195388D20070C39A /* Supporting Files */,
			);
			name = "Example for APNetwork";
			path = APNetwork;
			sourceTree = "<group>";
		};
		6003F594195388D20070C39A /* Supporting Files */ = {
			isa = PBXGroup;
			children = (
				6003F595195388D20070C39A /* APNetwork-Info.plist */,
				6003F596195388D20070C39A /* InfoPlist.strings */,
				6003F599195388D20070C39A /* main.m */,
				6003F59B195388D20070C39A /* APNetwork-Prefix.pch */,
			);
			name = "Supporting Files";
			sourceTree = "<group>";
		};
		6003F5B5195388D20070C39A /* Tests */ = {
			isa = PBXGroup;
			children = (
				6003F5BB195388D20070C39A /* Tests.m */,
				6003F5B6195388D20070C39A /* Supporting Files */,
			);
			path = Tests;
			sourceTree = "<group>";
		};
		6003F5B6195388D20070C39A /* Supporting Files */ = {
			isa = PBXGroup;
			children = (
				6003F5B7195388D20070C39A /* Tests-Info.plist */,
				6003F5B8195388D20070C39A /* InfoPlist.strings */,
				606FC2411953D9B200FFA9A0 /* Tests-Prefix.pch */,
			);
			name = "Supporting Files";
			sourceTree = "<group>";
		};
		60FF7A9C1954A5C5007DD14C /* Podspec Metadata */ = {
			isa = PBXGroup;
			children = (
				C8329A87FDC0A38C6CC172FC /* APNetwork.podspec */,
				79B5387DF109C7D8F059B707 /* README.md */,
				01A7F368B50B3FF33828FC3B /* LICENSE */,
			);
			name = "Podspec Metadata";
			sourceTree = "<group>";
		};
		6910733F1EB07C15009F3347 /* Until */ = {
			isa = PBXGroup;
			children = (
				691073511EB08244009F3347 /* APUrlBuilder.h */,
				691073521EB08244009F3347 /* APUrlBuilder.m */,
				691073401EB07C53009F3347 /* APNetworkAdapter.h */,
				691073411EB07C53009F3347 /* APNetworkAdapter.m */,
				691073541EB087BD009F3347 /* APURLCommonParams.h */,
				691073551EB087BD009F3347 /* APURLCommonParams.m */,
			);
			name = Until;
			sourceTree = "<group>";
		};
		691073431EB07C95009F3347 /* Core */ = {
			isa = PBXGroup;
			children = (
				691073441EB07CD0009F3347 /* APResponseSerializer.h */,
				691073451EB07CD0009F3347 /* APResponseSerializer.m */,
				691073471EB07CF8009F3347 /* APApiRequest.h */,
				691073481EB07CF8009F3347 /* APApiRequest.m */,
				6910735F1EB1C896009F3347 /* APProgressHUD.h */,
				691073601EB1C896009F3347 /* APProgressHUD.m */,
			);
			name = Core;
			sourceTree = "<group>";
		};
		6910734A1EB07DEA009F3347 /* Api */ = {
			isa = PBXGroup;
			children = (
				6910734B1EB07E22009F3347 /* APNetworkApi.h */,
				6910734C1EB07E22009F3347 /* APNetworkApi.m */,
				6910734E1EB07E6A009F3347 /* APIndexPageApi.h */,
				6910734F1EB07E6A009F3347 /* APIndexPageApi.m */,
			);
			name = Api;
			sourceTree = "<group>";
		};
		6910735A1EB1C62B009F3347 /* BlackMagic */ = {
			isa = PBXGroup;
			children = (
				6910735B1EB1C66B009F3347 /* APBlackMagic.h */,
				6910735C1EB1C66B009F3347 /* APBlackMagic.m */,
			);
			name = BlackMagic;
			sourceTree = "<group>";
		};
		6910735E1EB1C784009F3347 /* Accessory */ = {
			isa = PBXGroup;
			children = (
				691073621EB1CAF4009F3347 /* APApiRequest+HUD.h */,
				691073631EB1CAF4009F3347 /* APApiRequest+HUD.m */,
			);
			name = Accessory;
			sourceTree = "<group>";
		};
		8C49F4EC1F3182D700C13140 /* logic */ = {
			isa = PBXGroup;
			children = (
				8C49F4ED1F31832800C13140 /* APURLCacheManager.h */,
				8C49F4EE1F31832800C13140 /* APURLCacheManager.m */,
			);
			name = logic;
			sourceTree = "<group>";
		};
		8C49F4F11F31ABCE00C13140 /* Category */ = {
			isa = PBXGroup;
			children = (
				8C49F4F21F31AC4400C13140 /* NSString+LZAdd.h */,
				8C49F4F31F31AC4400C13140 /* NSString+LZAdd.m */,
			);
			name = Category;
			sourceTree = "<group>";
		};
		A806DB62923AC495ADADF87A /* Pods */ = {
			isa = PBXGroup;
			children = (
				2DB3C505E4401240375D5FEF /* Pods-APNetwork_Example.debug.xcconfig */,
				26FC67A74022167E19F27B61 /* Pods-APNetwork_Example.release.xcconfig */,
				420C3420C52670C89A0A85F9 /* Pods-APNetwork_Tests.debug.xcconfig */,
				01CB7FD74082A0CB6DC29A11 /* Pods-APNetwork_Tests.release.xcconfig */,
			);
			name = Pods;
			sourceTree = "<group>";
		};
/* End PBXGroup section */

/* Begin PBXNativeTarget section */
		6003F589195388D20070C39A /* APNetwork_Example */ = {
			isa = PBXNativeTarget;
			buildConfigurationList = 6003F5BF195388D20070C39A /* Build configuration list for PBXNativeTarget "APNetwork_Example" */;
			buildPhases = (
				2A783194AD3CA1C6C5256764 /* [CP] Check Pods Manifest.lock */,
				6003F586195388D20070C39A /* Sources */,
				6003F587195388D20070C39A /* Frameworks */,
				6003F588195388D20070C39A /* Resources */,
				D16D040B19C52EF4ABB2A473 /* [CP] Embed Pods Frameworks */,
				008AE30BDAC74515088F3F65 /* [CP] Copy Pods Resources */,
			);
			buildRules = (
			);
			dependencies = (
			);
			name = APNetwork_Example;
			productName = APNetwork;
			productReference = 6003F58A195388D20070C39A /* APNetwork_Example.app */;
			productType = "com.apple.product-type.application";
		};
		6003F5AD195388D20070C39A /* APNetwork_Tests */ = {
			isa = PBXNativeTarget;
			buildConfigurationList = 6003F5C2195388D20070C39A /* Build configuration list for PBXNativeTarget "APNetwork_Tests" */;
			buildPhases = (
				A48AF109F968426DA1AC4C91 /* [CP] Check Pods Manifest.lock */,
				6003F5AA195388D20070C39A /* Sources */,
				6003F5AB195388D20070C39A /* Frameworks */,
				6003F5AC195388D20070C39A /* Resources */,
				F0AD86E5B6B9F5034E2FD3E8 /* [CP] Embed Pods Frameworks */,
				F7F8A85FB2BE33568BB55A8A /* [CP] Copy Pods Resources */,
			);
			buildRules = (
			);
			dependencies = (
				6003F5B4195388D20070C39A /* PBXTargetDependency */,
			);
			name = APNetwork_Tests;
			productName = APNetworkTests;
			productReference = 6003F5AE195388D20070C39A /* APNetwork_Tests.xctest */;
			productType = "com.apple.product-type.bundle.unit-test";
		};
/* End PBXNativeTarget section */

/* Begin PBXProject section */
		6003F582195388D10070C39A /* Project object */ = {
			isa = PBXProject;
			attributes = {
				CLASSPREFIX = AP;
				LastUpgradeCheck = 0720;
				ORGANIZATIONNAME = 673697831;
				TargetAttributes = {
					6003F589195388D20070C39A = {
						DevelopmentTeam = XR9WB5MDR5;
					};
					6003F5AD195388D20070C39A = {
						TestTargetID = 6003F589195388D20070C39A;
					};
				};
			};
			buildConfigurationList = 6003F585195388D10070C39A /* Build configuration list for PBXProject "APNetwork" */;
			compatibilityVersion = "Xcode 3.2";
			developmentRegion = English;
			hasScannedForEncodings = 0;
			knownRegions = (
				en,
				Base,
			);
			mainGroup = 6003F581195388D10070C39A;
			productRefGroup = 6003F58B195388D20070C39A /* Products */;
			projectDirPath = "";
			projectRoot = "";
			targets = (
				6003F589195388D20070C39A /* APNetwork_Example */,
				6003F5AD195388D20070C39A /* APNetwork_Tests */,
			);
		};
/* End PBXProject section */

/* Begin PBXResourcesBuildPhase section */
		6003F588195388D20070C39A /* Resources */ = {
			isa = PBXResourcesBuildPhase;
			buildActionMask = 2147483647;
			files = (
				873B8AEB1B1F5CCA007FD442 /* Main.storyboard in Resources */,
				71719F9F1E33DC2100824A3D /* LaunchScreen.storyboard in Resources */,
				6003F5A9195388D20070C39A /* Images.xcassets in Resources */,
				6003F598195388D20070C39A /* InfoPlist.strings in Resources */,
			);
			runOnlyForDeploymentPostprocessing = 0;
		};
		6003F5AC195388D20070C39A /* Resources */ = {
			isa = PBXResourcesBuildPhase;
			buildActionMask = 2147483647;
			files = (
				6003F5BA195388D20070C39A /* InfoPlist.strings in Resources */,
			);
			runOnlyForDeploymentPostprocessing = 0;
		};
/* End PBXResourcesBuildPhase section */

/* Begin PBXShellScriptBuildPhase section */
		008AE30BDAC74515088F3F65 /* [CP] Copy Pods Resources */ = {
			isa = PBXShellScriptBuildPhase;
			buildActionMask = 2147483647;
			files = (
			);
			inputPaths = (
			);
			name = "[CP] Copy Pods Resources";
			outputPaths = (
			);
			runOnlyForDeploymentPostprocessing = 0;
			shellPath = /bin/sh;
			shellScript = "\"${SRCROOT}/Pods/Target Support Files/Pods-APNetwork_Example/Pods-APNetwork_Example-resources.sh\"\n";
			showEnvVarsInLog = 0;
		};
		2A783194AD3CA1C6C5256764 /* [CP] Check Pods Manifest.lock */ = {
			isa = PBXShellScriptBuildPhase;
			buildActionMask = 2147483647;
			files = (
			);
			inputPaths = (
			);
			name = "[CP] Check Pods Manifest.lock";
			outputPaths = (
			);
			runOnlyForDeploymentPostprocessing = 0;
			shellPath = /bin/sh;
			shellScript = "diff \"${PODS_PODFILE_DIR_PATH}/Podfile.lock\" \"${PODS_ROOT}/Manifest.lock\" > /dev/null\nif [ $? != 0 ] ; then\n    # print error to STDERR\n    echo \"error: The sandbox is not in sync with the Podfile.lock. Run 'pod install' or update your CocoaPods installation.\" >&2\n    exit 1\nfi\n";
			showEnvVarsInLog = 0;
		};
		A48AF109F968426DA1AC4C91 /* [CP] Check Pods Manifest.lock */ = {
			isa = PBXShellScriptBuildPhase;
			buildActionMask = 2147483647;
			files = (
			);
			inputPaths = (
			);
			name = "[CP] Check Pods Manifest.lock";
			outputPaths = (
			);
			runOnlyForDeploymentPostprocessing = 0;
			shellPath = /bin/sh;
			shellScript = "diff \"${PODS_PODFILE_DIR_PATH}/Podfile.lock\" \"${PODS_ROOT}/Manifest.lock\" > /dev/null\nif [ $? != 0 ] ; then\n    # print error to STDERR\n    echo \"error: The sandbox is not in sync with the Podfile.lock. Run 'pod install' or update your CocoaPods installation.\" >&2\n    exit 1\nfi\n";
			showEnvVarsInLog = 0;
		};
		D16D040B19C52EF4ABB2A473 /* [CP] Embed Pods Frameworks */ = {
			isa = PBXShellScriptBuildPhase;
			buildActionMask = 2147483647;
			files = (
			);
			inputPaths = (
			);
			name = "[CP] Embed Pods Frameworks";
			outputPaths = (
			);
			runOnlyForDeploymentPostprocessing = 0;
			shellPath = /bin/sh;
			shellScript = "\"${SRCROOT}/Pods/Target Support Files/Pods-APNetwork_Example/Pods-APNetwork_Example-frameworks.sh\"\n";
			showEnvVarsInLog = 0;
		};
		F0AD86E5B6B9F5034E2FD3E8 /* [CP] Embed Pods Frameworks */ = {
			isa = PBXShellScriptBuildPhase;
			buildActionMask = 2147483647;
			files = (
			);
			inputPaths = (
			);
			name = "[CP] Embed Pods Frameworks";
			outputPaths = (
			);
			runOnlyForDeploymentPostprocessing = 0;
			shellPath = /bin/sh;
			shellScript = "\"${SRCROOT}/Pods/Target Support Files/Pods-APNetwork_Tests/Pods-APNetwork_Tests-frameworks.sh\"\n";
			showEnvVarsInLog = 0;
		};
		F7F8A85FB2BE33568BB55A8A /* [CP] Copy Pods Resources */ = {
			isa = PBXShellScriptBuildPhase;
			buildActionMask = 2147483647;
			files = (
			);
			inputPaths = (
			);
			name = "[CP] Copy Pods Resources";
			outputPaths = (
			);
			runOnlyForDeploymentPostprocessing = 0;
			shellPath = /bin/sh;
			shellScript = "\"${SRCROOT}/Pods/Target Support Files/Pods-APNetwork_Tests/Pods-APNetwork_Tests-resources.sh\"\n";
			showEnvVarsInLog = 0;
		};
/* End PBXShellScriptBuildPhase section */

/* Begin PBXSourcesBuildPhase section */
		6003F586195388D20070C39A /* Sources */ = {
			isa = PBXSourcesBuildPhase;
			buildActionMask = 2147483647;
			files = (
				6003F59E195388D20070C39A /* APAppDelegate.m in Sources */,
				691073531EB08244009F3347 /* APUrlBuilder.m in Sources */,
				691073421EB07C53009F3347 /* APNetworkAdapter.m in Sources */,
				691073641EB1CAF4009F3347 /* APApiRequest+HUD.m in Sources */,
				691073561EB087BD009F3347 /* APURLCommonParams.m in Sources */,
				691073611EB1C896009F3347 /* APProgressHUD.m in Sources */,
				6910735D1EB1C66B009F3347 /* APBlackMagic.m in Sources */,
				6003F5A7195388D20070C39A /* APViewController.m in Sources */,
				6910734D1EB07E22009F3347 /* APNetworkApi.m in Sources */,
				691073501EB07E6A009F3347 /* APIndexPageApi.m in Sources */,
				6003F59A195388D20070C39A /* main.m in Sources */,
				691073461EB07CD0009F3347 /* APResponseSerializer.m in Sources */,
				691073591EB1BF9F009F3347 /* APViewModel.m in Sources */,
				8C49F4F41F31AC4400C13140 /* NSString+LZAdd.m in Sources */,
				8C49F4EF1F31832800C13140 /* APURLCacheManager.m in Sources */,
				691073491EB07CF8009F3347 /* APApiRequest.m in Sources */,
			);
			runOnlyForDeploymentPostprocessing = 0;
		};
		6003F5AA195388D20070C39A /* Sources */ = {
			isa = PBXSourcesBuildPhase;
			buildActionMask = 2147483647;
			files = (
				6003F5BC195388D20070C39A /* Tests.m in Sources */,
			);
			runOnlyForDeploymentPostprocessing = 0;
		};
/* End PBXSourcesBuildPhase section */

/* Begin PBXTargetDependency section */
		6003F5B4195388D20070C39A /* PBXTargetDependency */ = {
			isa = PBXTargetDependency;
			target = 6003F589195388D20070C39A /* APNetwork_Example */;
			targetProxy = 6003F5B3195388D20070C39A /* PBXContainerItemProxy */;
		};
/* End PBXTargetDependency section */

/* Begin PBXVariantGroup section */
		6003F596195388D20070C39A /* InfoPlist.strings */ = {
			isa = PBXVariantGroup;
			children = (
				6003F597195388D20070C39A /* en */,
			);
			name = InfoPlist.strings;
			sourceTree = "<group>";
		};
		6003F5B8195388D20070C39A /* InfoPlist.strings */ = {
			isa = PBXVariantGroup;
			children = (
				6003F5B9195388D20070C39A /* en */,
			);
			name = InfoPlist.strings;
			sourceTree = "<group>";
		};
		71719F9D1E33DC2100824A3D /* LaunchScreen.storyboard */ = {
			isa = PBXVariantGroup;
			children = (
				71719F9E1E33DC2100824A3D /* Base */,
			);
			name = LaunchScreen.storyboard;
			sourceTree = "<group>";
		};
/* End PBXVariantGroup section */

/* Begin XCBuildConfiguration section */
		6003F5BD195388D20070C39A /* Debug */ = {
			isa = XCBuildConfiguration;
			buildSettings = {
				ALWAYS_SEARCH_USER_PATHS = NO;
				CLANG_CXX_LANGUAGE_STANDARD = "gnu++0x";
				CLANG_CXX_LIBRARY = "libc++";
				CLANG_ENABLE_MODULES = YES;
				CLANG_ENABLE_OBJC_ARC = YES;
				CLANG_WARN_BOOL_CONVERSION = YES;
				CLANG_WARN_CONSTANT_CONVERSION = YES;
				CLANG_WARN_DIRECT_OBJC_ISA_USAGE = YES_ERROR;
				CLANG_WARN_EMPTY_BODY = YES;
				CLANG_WARN_ENUM_CONVERSION = YES;
				CLANG_WARN_INT_CONVERSION = YES;
				CLANG_WARN_OBJC_ROOT_CLASS = YES_ERROR;
				CLANG_WARN__DUPLICATE_METHOD_MATCH = YES;
				"CODE_SIGN_IDENTITY[sdk=iphoneos*]" = "iPhone Developer";
				COPY_PHASE_STRIP = NO;
				ENABLE_TESTABILITY = YES;
				GCC_C_LANGUAGE_STANDARD = gnu99;
				GCC_DYNAMIC_NO_PIC = NO;
				GCC_OPTIMIZATION_LEVEL = 0;
				GCC_PREPROCESSOR_DEFINITIONS = (
					"DEBUG=1",
					"$(inherited)",
				);
				GCC_SYMBOLS_PRIVATE_EXTERN = NO;
				GCC_WARN_64_TO_32_BIT_CONVERSION = YES;
				GCC_WARN_ABOUT_RETURN_TYPE = YES_ERROR;
				GCC_WARN_UNDECLARED_SELECTOR = YES;
				GCC_WARN_UNINITIALIZED_AUTOS = YES_AGGRESSIVE;
				GCC_WARN_UNUSED_FUNCTION = YES;
				GCC_WARN_UNUSED_VARIABLE = YES;
				IPHONEOS_DEPLOYMENT_TARGET = 7.0;
				ONLY_ACTIVE_ARCH = YES;
				SDKROOT = iphoneos;
				TARGETED_DEVICE_FAMILY = "1,2";
			};
			name = Debug;
		};
		6003F5BE195388D20070C39A /* Release */ = {
			isa = XCBuildConfiguration;
			buildSettings = {
				ALWAYS_SEARCH_USER_PATHS = NO;
				CLANG_CXX_LANGUAGE_STANDARD = "gnu++0x";
				CLANG_CXX_LIBRARY = "libc++";
				CLANG_ENABLE_MODULES = YES;
				CLANG_ENABLE_OBJC_ARC = YES;
				CLANG_WARN_BOOL_CONVERSION = YES;
				CLANG_WARN_CONSTANT_CONVERSION = YES;
				CLANG_WARN_DIRECT_OBJC_ISA_USAGE = YES_ERROR;
				CLANG_WARN_EMPTY_BODY = YES;
				CLANG_WARN_ENUM_CONVERSION = YES;
				CLANG_WARN_INT_CONVERSION = YES;
				CLANG_WARN_OBJC_ROOT_CLASS = YES_ERROR;
				CLANG_WARN__DUPLICATE_METHOD_MATCH = YES;
				"CODE_SIGN_IDENTITY[sdk=iphoneos*]" = "iPhone Developer";
				COPY_PHASE_STRIP = YES;
				ENABLE_NS_ASSERTIONS = NO;
				GCC_C_LANGUAGE_STANDARD = gnu99;
				GCC_WARN_64_TO_32_BIT_CONVERSION = YES;
				GCC_WARN_ABOUT_RETURN_TYPE = YES_ERROR;
				GCC_WARN_UNDECLARED_SELECTOR = YES;
				GCC_WARN_UNINITIALIZED_AUTOS = YES_AGGRESSIVE;
				GCC_WARN_UNUSED_FUNCTION = YES;
				GCC_WARN_UNUSED_VARIABLE = YES;
				IPHONEOS_DEPLOYMENT_TARGET = 7.0;
				SDKROOT = iphoneos;
				TARGETED_DEVICE_FAMILY = "1,2";
				VALIDATE_PRODUCT = YES;
			};
			name = Release;
		};
		6003F5C0195388D20070C39A /* Debug */ = {
			isa = XCBuildConfiguration;
			baseConfigurationReference = 2DB3C505E4401240375D5FEF /* Pods-APNetwork_Example.debug.xcconfig */;
			buildSettings = {
				ASSETCATALOG_COMPILER_APPICON_NAME = AppIcon;
				DEVELOPMENT_TEAM = XR9WB5MDR5;
				GCC_PRECOMPILE_PREFIX_HEADER = YES;
				GCC_PREFIX_HEADER = "APNetwork/APNetwork-Prefix.pch";
				INFOPLIST_FILE = "APNetwork/APNetwork-Info.plist";
				MODULE_NAME = ExampleApp;
				PRODUCT_BUNDLE_IDENTIFIER = "org.cocoapods.demo.${PRODUCT_NAME:rfc1034identifier}";
				PRODUCT_NAME = "$(TARGET_NAME)";
				WRAPPER_EXTENSION = app;
			};
			name = Debug;
		};
		6003F5C1195388D20070C39A /* Release */ = {
			isa = XCBuildConfiguration;
			baseConfigurationReference = 26FC67A74022167E19F27B61 /* Pods-APNetwork_Example.release.xcconfig */;
			buildSettings = {
				ASSETCATALOG_COMPILER_APPICON_NAME = AppIcon;
				DEVELOPMENT_TEAM = XR9WB5MDR5;
				GCC_PRECOMPILE_PREFIX_HEADER = YES;
				GCC_PREFIX_HEADER = "APNetwork/APNetwork-Prefix.pch";
				INFOPLIST_FILE = "APNetwork/APNetwork-Info.plist";
				MODULE_NAME = ExampleApp;
				PRODUCT_BUNDLE_IDENTIFIER = "org.cocoapods.demo.${PRODUCT_NAME:rfc1034identifier}";
				PRODUCT_NAME = "$(TARGET_NAME)";
				WRAPPER_EXTENSION = app;
			};
			name = Release;
		};
		6003F5C3195388D20070C39A /* Debug */ = {
			isa = XCBuildConfiguration;
			baseConfigurationReference = 420C3420C52670C89A0A85F9 /* Pods-APNetwork_Tests.debug.xcconfig */;
			buildSettings = {
				BUNDLE_LOADER = "$(TEST_HOST)";
				FRAMEWORK_SEARCH_PATHS = (
					"$(SDKROOT)/Developer/Library/Frameworks",
					"$(inherited)",
					"$(DEVELOPER_FRAMEWORKS_DIR)",
				);
				GCC_PRECOMPILE_PREFIX_HEADER = YES;
				GCC_PREFIX_HEADER = "Tests/Tests-Prefix.pch";
				GCC_PREPROCESSOR_DEFINITIONS = (
					"DEBUG=1",
					"$(inherited)",
				);
				INFOPLIST_FILE = "Tests/Tests-Info.plist";
				PRODUCT_BUNDLE_IDENTIFIER = "org.cocoapods.demo.${PRODUCT_NAME:rfc1034identifier}";
				PRODUCT_NAME = "$(TARGET_NAME)";
				TEST_HOST = "$(BUILT_PRODUCTS_DIR)/APNetwork_Example.app/APNetwork_Example";
				WRAPPER_EXTENSION = xctest;
			};
			name = Debug;
		};
		6003F5C4195388D20070C39A /* Release */ = {
			isa = XCBuildConfiguration;
			baseConfigurationReference = 01CB7FD74082A0CB6DC29A11 /* Pods-APNetwork_Tests.release.xcconfig */;
			buildSettings = {
				BUNDLE_LOADER = "$(TEST_HOST)";
				FRAMEWORK_SEARCH_PATHS = (
					"$(SDKROOT)/Developer/Library/Frameworks",
					"$(inherited)",
					"$(DEVELOPER_FRAMEWORKS_DIR)",
				);
				GCC_PRECOMPILE_PREFIX_HEADER = YES;
				GCC_PREFIX_HEADER = "Tests/Tests-Prefix.pch";
				INFOPLIST_FILE = "Tests/Tests-Info.plist";
				PRODUCT_BUNDLE_IDENTIFIER = "org.cocoapods.demo.${PRODUCT_NAME:rfc1034identifier}";
				PRODUCT_NAME = "$(TARGET_NAME)";
				TEST_HOST = "$(BUILT_PRODUCTS_DIR)/APNetwork_Example.app/APNetwork_Example";
				WRAPPER_EXTENSION = xctest;
			};
			name = Release;
		};
/* End XCBuildConfiguration section */

/* Begin XCConfigurationList section */
		6003F585195388D10070C39A /* Build configuration list for PBXProject "APNetwork" */ = {
			isa = XCConfigurationList;
			buildConfigurations = (
				6003F5BD195388D20070C39A /* Debug */,
				6003F5BE195388D20070C39A /* Release */,
			);
			defaultConfigurationIsVisible = 0;
			defaultConfigurationName = Release;
		};
		6003F5BF195388D20070C39A /* Build configuration list for PBXNativeTarget "APNetwork_Example" */ = {
			isa = XCConfigurationList;
			buildConfigurations = (
				6003F5C0195388D20070C39A /* Debug */,
				6003F5C1195388D20070C39A /* Release */,
			);
			defaultConfigurationIsVisible = 0;
			defaultConfigurationName = Release;
		};
		6003F5C2195388D20070C39A /* Build configuration list for PBXNativeTarget "APNetwork_Tests" */ = {
			isa = XCConfigurationList;
			buildConfigurations = (
				6003F5C3195388D20070C39A /* Debug */,
				6003F5C4195388D20070C39A /* Release */,
			);
			defaultConfigurationIsVisible = 0;
			defaultConfigurationName = Release;
		};
/* End XCConfigurationList section */
	};
	rootObject = 6003F582195388D10070C39A /* Project object */;
}
